
Microsoft Visual Studio Solution File, Format Version 12.00
# Visual Studio 15
VisualStudioVersion = 15.0.27703.2000
MinimumVisualStudioVersion = 10.0.40219.1
Project("{8BC9CEB8-8B4A-11D0-8D11-00A0C91BC942}") = "1", "1\1.vcxproj", "{4ECCFF71-8197-44D1-AFBF-803E5BC543A5}"
EndProject
Project("{8BC9CEB8-8B4A-11D0-8D11-00A0C91BC942}") = "2", "2\2.vcxproj", "{16002E31-BE10-4F20-B8BB-C466241329FB}"
EndProject
Project("{8BC9CEB8-8B4A-11D0-8D11-00A0C91BC942}") = "3", "3\3.vcxproj", "{91F41CBB-CB07-46A0-A7A7-ED1BD9D2C565}"
EndProject
Project("{8BC9CEB8-8B4A-11D0-8D11-00A0C91BC942}") = "4", "4\4.vcxproj", "{C5CE2236-B645-4A53-BEFC-3C41E1765509}"
EndProject
Global
	GlobalSection(SolutionConfigurationPlatforms) = preSolution
		Debug|x64 = Debug|x64
		Debug|x86 = Debug|x86
		Release|x64 = Release|x64
		Release|x86 = Release|x86
	EndGlobalSection
	GlobalSection(ProjectConfigurationPlatforms) = postSolution
		{4ECCFF71-8197-44D1-AFBF-803E5BC543A5}.Debug|x64.ActiveCfg = Debug|x64
		{4ECCFF71-8197-44D1-AFBF-803E5BC543A5}.Debug|x64.Build.0 = Debug|x64
		{4ECCFF71-8197-44D1-AFBF-803E5BC543A5}.Debug|x86.ActiveCfg = Debug|Win32
		{4ECCFF71-8197-44D1-AFBF-803E5BC543A5}.Debug|x86.Build.0 = Debug|Win32
		{4ECCFF71-8197-44D1-AFBF-803E5BC543A5}.Release|x64.ActiveCfg = Release|x64
		{4ECCFF71-8197-44D1-AFBF-803E5BC543A5}.Release|x64.Build.0 = Release|x64
		{4ECCFF71-8197-44D1-AFBF-803E5BC543A5}.Release|x86.ActiveCfg = Release|Win32
		{4ECCFF71-8197-44D1-AFBF-803E5BC543A5}.Release|x86.Build.0 = Release|Win32
		{16002E31-BE10-4F20-B8BB-C466241329FB}.Debug|x64.ActiveCfg = Debug|x64
		{16002E31-BE10-4F20-B8BB-C466241329FB}.Debug|x64.Build.0 = Debug|x64
		{16002E31-BE10-4F20-B8BB-C466241329FB}.Debug|x86.ActiveCfg = Debug|Win32
		{16002E31-BE10-4F20-B8BB-C466241329FB}.Debug|x86.Build.0 = Debug|Win32
		{16002E31-BE10-4F20-B8BB-C466241329FB}.Release|x64.ActiveCfg = Release|x64
		{16002E31-BE10-4F20-B8BB-C466241329FB}.Release|x64.Build.0 = Release|x64
		{16002E31-BE10-4F20-B8BB-C466241329FB}.Release|x86.ActiveCfg = Release|Win32
		{16002E31-BE10-4F20-B8BB-C466241329FB}.Release|x86.Build.0 = Release|Win32
		{91F41CBB-CB07-46A0-A7A7-ED1BD9D2C565}.Debug|x64.ActiveCfg = Debug|x64
		{91F41CBB-CB07-46A0-A7A7-ED1BD9D2C565}.Debug|x64.Build.0 = Debug|x64
		{91F41CBB-CB07-46A0-A7A7-ED1BD9D2C565}.Debug|x86.ActiveCfg = Debug|Win32
		{91F41CBB-CB07-46A0-A7A7-ED1BD9D2C565}.Debug|x86.Build.0 = Debug|Win32
		{91F41CBB-CB07-46A0-A7A7-ED1BD9D2C565}.Release|x64.ActiveCfg = Release|x64
		{91F41CBB-CB07-46A0-A7A7-ED1BD9D2C565}.Release|x64.Build.0 = Release|x64
		{91F41CBB-CB07-46A0-A7A7-ED1BD9D2C565}.Release|x86.ActiveCfg = Release|Win32
		{91F41CBB-CB07-46A0-A7A7-ED1BD9D2C565}.Release|x86.Build.0 = Release|Win32
		{C5CE2236-B645-4A53-BEFC-3C41E1765509}.Debug|x64.ActiveCfg = Debug|x64
		{C5CE2236-B645-4A53-BEFC-3C41E1765509}.Debug|x64.Build.0 = Debug|x64
		{C5CE2236-B645-4A53-BEFC-3C41E1765509}.Debug|x86.ActiveCfg = Debug|Win32
		{C5CE2236-B645-4A53-BEFC-3C41E1765509}.Debug|x86.Build.0 = Debug|Win32
		{C5CE2236-B645-4A53-BEFC-3C41E1765509}.Release|x64.ActiveCfg = Release|x64
		{C5CE2236-B645-4A53-BEFC-3C41E1765509}.Release|x64.Build.0 = Release|x64
		{C5CE2236-B645-4A53-BEFC-3C41E1765509}.Release|x86.ActiveCfg = Release|Win32
		{C5CE2236-B645-4A53-BEFC-3C41E1765509}.Release|x86.Build.0 = Release|Win32
	EndGlobalSection
	GlobalSection(SolutionProperties) = preSolution
		HideSolutionNode = FALSE
	EndGlobalSection
	GlobalSection(ExtensibilityGlobals) = postSolution
		SolutionGuid = {FA85351D-4055-4D6D-9AE7-79670D09D220}
	EndGlobalSection
EndGlobal
