
Microsoft Visual Studio Solution File, Format Version 12.00
# Visual Studio 15
VisualStudioVersion = 15.0.27703.2000
MinimumVisualStudioVersion = 10.0.40219.1
Project("{2150E333-8FDC-42A3-9474-1A3956D46DE8}") = "Mid", "Mid", "{0B60C685-3F0B-4C85-B279-0E14FB449AD4}"
EndProject
Project("{2150E333-8FDC-42A3-9474-1A3956D46DE8}") = "Junior", "Junior", "{1DC6E9CB-B86A-4E0D-81E6-1667EF883CFF}"
EndProject
Project("{8BC9CEB8-8B4A-11D0-8D11-00A0C91BC942}") = "Array", "Junior\Array\Array.vcxproj", "{70338FF3-B5DC-4133-A951-F2E4E02190B8}"
EndProject
Project("{8BC9CEB8-8B4A-11D0-8D11-00A0C91BC942}") = "Designing", "Junior\Designing\Designing.vcxproj", "{6CDBA5CB-1E0E-4051-8D7E-255243F5AA9C}"
EndProject
Project("{8BC9CEB8-8B4A-11D0-8D11-00A0C91BC942}") = "DynamicPrograming", "Junior\DynamicPrograming\DynamicPrograming.vcxproj", "{F43837EC-04D4-4A4A-B142-32CB89A10273}"
EndProject
Project("{8BC9CEB8-8B4A-11D0-8D11-00A0C91BC942}") = "LinkedList", "Junior\LinkedList\LinkedList.vcxproj", "{DE81B49C-15AF-4616-834D-39EEE156D77B}"
EndProject
Project("{8BC9CEB8-8B4A-11D0-8D11-00A0C91BC942}") = "Math", "Junior\Math\Math.vcxproj", "{D51FD469-14D6-491C-9707-5BE9DC2EBFB9}"
EndProject
Project("{8BC9CEB8-8B4A-11D0-8D11-00A0C91BC942}") = "Other", "Junior\Other\Other.vcxproj", "{69E57DF5-27E4-42CA-B482-EFC802947EA5}"
EndProject
Project("{8BC9CEB8-8B4A-11D0-8D11-00A0C91BC942}") = "SortandSreach", "Junior\SortandSreach\SortandSreach.vcxproj", "{0AD96D10-CD39-4465-8018-59CF9589A5EC}"
EndProject
Project("{8BC9CEB8-8B4A-11D0-8D11-00A0C91BC942}") = "String", "Junior\String\String.vcxproj", "{C12F60C5-33B8-4CDA-9614-34B27955B6CC}"
EndProject
Project("{8BC9CEB8-8B4A-11D0-8D11-00A0C91BC942}") = "Tree", "Junior\Tree\Tree.vcxproj", "{5B6A7EC3-50D5-4D12-8268-928DEE978B07}"
EndProject
Project("{8BC9CEB8-8B4A-11D0-8D11-00A0C91BC942}") = "Array_String", "Mid\Array_String\Array_String.vcxproj", "{2D8DF8A5-7C70-45DC-BE34-334C5C83A0A2}"
EndProject
Project("{8BC9CEB8-8B4A-11D0-8D11-00A0C91BC942}") = "LinkedList", "Mid\LinkedList\LinkedList.vcxproj", "{7356F332-8088-4352-90BA-F84C6A77D867}"
EndProject
Project("{8BC9CEB8-8B4A-11D0-8D11-00A0C91BC942}") = "Tree_Graph", "Mid\Tree_Graph\Tree_Graph.vcxproj", "{4FA4240D-D77F-48F4-A8E6-B30E62C423C2}"
EndProject
Project("{8BC9CEB8-8B4A-11D0-8D11-00A0C91BC942}") = "BackTracking", "Mid\BackTracking\BackTracking.vcxproj", "{0E0ABE5F-9FFB-47F6-ABCD-EB548833D013}"
EndProject
Project("{8BC9CEB8-8B4A-11D0-8D11-00A0C91BC942}") = "Test", "Test\Test.vcxproj", "{909DE63E-D7D5-4672-919D-13219FE24B35}"
EndProject
Project("{8BC9CEB8-8B4A-11D0-8D11-00A0C91BC942}") = "Sort_Search", "Mid\Sort_Search\Sort_Search.vcxproj", "{15988797-1AEB-44E7-9147-21C9A7685A98}"
EndProject
Global
	GlobalSection(SolutionConfigurationPlatforms) = preSolution
		Debug|x64 = Debug|x64
		Debug|x86 = Debug|x86
		Release|x64 = Release|x64
		Release|x86 = Release|x86
	EndGlobalSection
	GlobalSection(ProjectConfigurationPlatforms) = postSolution
		{70338FF3-B5DC-4133-A951-F2E4E02190B8}.Debug|x64.ActiveCfg = Debug|x64
		{70338FF3-B5DC-4133-A951-F2E4E02190B8}.Debug|x64.Build.0 = Debug|x64
		{70338FF3-B5DC-4133-A951-F2E4E02190B8}.Debug|x86.ActiveCfg = Debug|Win32
		{70338FF3-B5DC-4133-A951-F2E4E02190B8}.Debug|x86.Build.0 = Debug|Win32
		{70338FF3-B5DC-4133-A951-F2E4E02190B8}.Release|x64.ActiveCfg = Release|x64
		{70338FF3-B5DC-4133-A951-F2E4E02190B8}.Release|x64.Build.0 = Release|x64
		{70338FF3-B5DC-4133-A951-F2E4E02190B8}.Release|x86.ActiveCfg = Release|Win32
		{70338FF3-B5DC-4133-A951-F2E4E02190B8}.Release|x86.Build.0 = Release|Win32
		{6CDBA5CB-1E0E-4051-8D7E-255243F5AA9C}.Debug|x64.ActiveCfg = Debug|x64
		{6CDBA5CB-1E0E-4051-8D7E-255243F5AA9C}.Debug|x64.Build.0 = Debug|x64
		{6CDBA5CB-1E0E-4051-8D7E-255243F5AA9C}.Debug|x86.ActiveCfg = Debug|Win32
		{6CDBA5CB-1E0E-4051-8D7E-255243F5AA9C}.Debug|x86.Build.0 = Debug|Win32
		{6CDBA5CB-1E0E-4051-8D7E-255243F5AA9C}.Release|x64.ActiveCfg = Release|x64
		{6CDBA5CB-1E0E-4051-8D7E-255243F5AA9C}.Release|x64.Build.0 = Release|x64
		{6CDBA5CB-1E0E-4051-8D7E-255243F5AA9C}.Release|x86.ActiveCfg = Release|Win32
		{6CDBA5CB-1E0E-4051-8D7E-255243F5AA9C}.Release|x86.Build.0 = Release|Win32
		{F43837EC-04D4-4A4A-B142-32CB89A10273}.Debug|x64.ActiveCfg = Debug|x64
		{F43837EC-04D4-4A4A-B142-32CB89A10273}.Debug|x64.Build.0 = Debug|x64
		{F43837EC-04D4-4A4A-B142-32CB89A10273}.Debug|x86.ActiveCfg = Debug|Win32
		{F43837EC-04D4-4A4A-B142-32CB89A10273}.Debug|x86.Build.0 = Debug|Win32
		{F43837EC-04D4-4A4A-B142-32CB89A10273}.Release|x64.ActiveCfg = Release|x64
		{F43837EC-04D4-4A4A-B142-32CB89A10273}.Release|x64.Build.0 = Release|x64
		{F43837EC-04D4-4A4A-B142-32CB89A10273}.Release|x86.ActiveCfg = Release|Win32
		{F43837EC-04D4-4A4A-B142-32CB89A10273}.Release|x86.Build.0 = Release|Win32
		{DE81B49C-15AF-4616-834D-39EEE156D77B}.Debug|x64.ActiveCfg = Debug|x64
		{DE81B49C-15AF-4616-834D-39EEE156D77B}.Debug|x64.Build.0 = Debug|x64
		{DE81B49C-15AF-4616-834D-39EEE156D77B}.Debug|x86.ActiveCfg = Debug|Win32
		{DE81B49C-15AF-4616-834D-39EEE156D77B}.Debug|x86.Build.0 = Debug|Win32
		{DE81B49C-15AF-4616-834D-39EEE156D77B}.Release|x64.ActiveCfg = Release|x64
		{DE81B49C-15AF-4616-834D-39EEE156D77B}.Release|x64.Build.0 = Release|x64
		{DE81B49C-15AF-4616-834D-39EEE156D77B}.Release|x86.ActiveCfg = Release|Win32
		{DE81B49C-15AF-4616-834D-39EEE156D77B}.Release|x86.Build.0 = Release|Win32
		{D51FD469-14D6-491C-9707-5BE9DC2EBFB9}.Debug|x64.ActiveCfg = Debug|x64
		{D51FD469-14D6-491C-9707-5BE9DC2EBFB9}.Debug|x64.Build.0 = Debug|x64
		{D51FD469-14D6-491C-9707-5BE9DC2EBFB9}.Debug|x86.ActiveCfg = Debug|Win32
		{D51FD469-14D6-491C-9707-5BE9DC2EBFB9}.Debug|x86.Build.0 = Debug|Win32
		{D51FD469-14D6-491C-9707-5BE9DC2EBFB9}.Release|x64.ActiveCfg = Release|x64
		{D51FD469-14D6-491C-9707-5BE9DC2EBFB9}.Release|x64.Build.0 = Release|x64
		{D51FD469-14D6-491C-9707-5BE9DC2EBFB9}.Release|x86.ActiveCfg = Release|Win32
		{D51FD469-14D6-491C-9707-5BE9DC2EBFB9}.Release|x86.Build.0 = Release|Win32
		{69E57DF5-27E4-42CA-B482-EFC802947EA5}.Debug|x64.ActiveCfg = Debug|x64
		{69E57DF5-27E4-42CA-B482-EFC802947EA5}.Debug|x64.Build.0 = Debug|x64
		{69E57DF5-27E4-42CA-B482-EFC802947EA5}.Debug|x86.ActiveCfg = Debug|Win32
		{69E57DF5-27E4-42CA-B482-EFC802947EA5}.Debug|x86.Build.0 = Debug|Win32
		{69E57DF5-27E4-42CA-B482-EFC802947EA5}.Release|x64.ActiveCfg = Release|x64
		{69E57DF5-27E4-42CA-B482-EFC802947EA5}.Release|x64.Build.0 = Release|x64
		{69E57DF5-27E4-42CA-B482-EFC802947EA5}.Release|x86.ActiveCfg = Release|Win32
		{69E57DF5-27E4-42CA-B482-EFC802947EA5}.Release|x86.Build.0 = Release|Win32
		{0AD96D10-CD39-4465-8018-59CF9589A5EC}.Debug|x64.ActiveCfg = Debug|x64
		{0AD96D10-CD39-4465-8018-59CF9589A5EC}.Debug|x64.Build.0 = Debug|x64
		{0AD96D10-CD39-4465-8018-59CF9589A5EC}.Debug|x86.ActiveCfg = Debug|Win32
		{0AD96D10-CD39-4465-8018-59CF9589A5EC}.Debug|x86.Build.0 = Debug|Win32
		{0AD96D10-CD39-4465-8018-59CF9589A5EC}.Release|x64.ActiveCfg = Release|x64
		{0AD96D10-CD39-4465-8018-59CF9589A5EC}.Release|x64.Build.0 = Release|x64
		{0AD96D10-CD39-4465-8018-59CF9589A5EC}.Release|x86.ActiveCfg = Release|Win32
		{0AD96D10-CD39-4465-8018-59CF9589A5EC}.Release|x86.Build.0 = Release|Win32
		{C12F60C5-33B8-4CDA-9614-34B27955B6CC}.Debug|x64.ActiveCfg = Debug|x64
		{C12F60C5-33B8-4CDA-9614-34B27955B6CC}.Debug|x64.Build.0 = Debug|x64
		{C12F60C5-33B8-4CDA-9614-34B27955B6CC}.Debug|x86.ActiveCfg = Debug|Win32
		{C12F60C5-33B8-4CDA-9614-34B27955B6CC}.Debug|x86.Build.0 = Debug|Win32
		{C12F60C5-33B8-4CDA-9614-34B27955B6CC}.Release|x64.ActiveCfg = Release|x64
		{C12F60C5-33B8-4CDA-9614-34B27955B6CC}.Release|x64.Build.0 = Release|x64
		{C12F60C5-33B8-4CDA-9614-34B27955B6CC}.Release|x86.ActiveCfg = Release|Win32
		{C12F60C5-33B8-4CDA-9614-34B27955B6CC}.Release|x86.Build.0 = Release|Win32
		{5B6A7EC3-50D5-4D12-8268-928DEE978B07}.Debug|x64.ActiveCfg = Debug|x64
		{5B6A7EC3-50D5-4D12-8268-928DEE978B07}.Debug|x64.Build.0 = Debug|x64
		{5B6A7EC3-50D5-4D12-8268-928DEE978B07}.Debug|x86.ActiveCfg = Debug|Win32
		{5B6A7EC3-50D5-4D12-8268-928DEE978B07}.Debug|x86.Build.0 = Debug|Win32
		{5B6A7EC3-50D5-4D12-8268-928DEE978B07}.Release|x64.ActiveCfg = Release|x64
		{5B6A7EC3-50D5-4D12-8268-928DEE978B07}.Release|x64.Build.0 = Release|x64
		{5B6A7EC3-50D5-4D12-8268-928DEE978B07}.Release|x86.ActiveCfg = Release|Win32
		{5B6A7EC3-50D5-4D12-8268-928DEE978B07}.Release|x86.Build.0 = Release|Win32
		{2D8DF8A5-7C70-45DC-BE34-334C5C83A0A2}.Debug|x64.ActiveCfg = Debug|x64
		{2D8DF8A5-7C70-45DC-BE34-334C5C83A0A2}.Debug|x64.Build.0 = Debug|x64
		{2D8DF8A5-7C70-45DC-BE34-334C5C83A0A2}.Debug|x86.ActiveCfg = Debug|Win32
		{2D8DF8A5-7C70-45DC-BE34-334C5C83A0A2}.Debug|x86.Build.0 = Debug|Win32
		{2D8DF8A5-7C70-45DC-BE34-334C5C83A0A2}.Release|x64.ActiveCfg = Release|x64
		{2D8DF8A5-7C70-45DC-BE34-334C5C83A0A2}.Release|x64.Build.0 = Release|x64
		{2D8DF8A5-7C70-45DC-BE34-334C5C83A0A2}.Release|x86.ActiveCfg = Release|Win32
		{2D8DF8A5-7C70-45DC-BE34-334C5C83A0A2}.Release|x86.Build.0 = Release|Win32
		{7356F332-8088-4352-90BA-F84C6A77D867}.Debug|x64.ActiveCfg = Debug|x64
		{7356F332-8088-4352-90BA-F84C6A77D867}.Debug|x64.Build.0 = Debug|x64
		{7356F332-8088-4352-90BA-F84C6A77D867}.Debug|x86.ActiveCfg = Debug|Win32
		{7356F332-8088-4352-90BA-F84C6A77D867}.Debug|x86.Build.0 = Debug|Win32
		{7356F332-8088-4352-90BA-F84C6A77D867}.Release|x64.ActiveCfg = Release|x64
		{7356F332-8088-4352-90BA-F84C6A77D867}.Release|x64.Build.0 = Release|x64
		{7356F332-8088-4352-90BA-F84C6A77D867}.Release|x86.ActiveCfg = Release|Win32
		{7356F332-8088-4352-90BA-F84C6A77D867}.Release|x86.Build.0 = Release|Win32
		{4FA4240D-D77F-48F4-A8E6-B30E62C423C2}.Debug|x64.ActiveCfg = Debug|x64
		{4FA4240D-D77F-48F4-A8E6-B30E62C423C2}.Debug|x64.Build.0 = Debug|x64
		{4FA4240D-D77F-48F4-A8E6-B30E62C423C2}.Debug|x86.ActiveCfg = Debug|Win32
		{4FA4240D-D77F-48F4-A8E6-B30E62C423C2}.Debug|x86.Build.0 = Debug|Win32
		{4FA4240D-D77F-48F4-A8E6-B30E62C423C2}.Release|x64.ActiveCfg = Release|x64
		{4FA4240D-D77F-48F4-A8E6-B30E62C423C2}.Release|x64.Build.0 = Release|x64
		{4FA4240D-D77F-48F4-A8E6-B30E62C423C2}.Release|x86.ActiveCfg = Release|Win32
		{4FA4240D-D77F-48F4-A8E6-B30E62C423C2}.Release|x86.Build.0 = Release|Win32
		{0E0ABE5F-9FFB-47F6-ABCD-EB548833D013}.Debug|x64.ActiveCfg = Debug|x64
		{0E0ABE5F-9FFB-47F6-ABCD-EB548833D013}.Debug|x64.Build.0 = Debug|x64
		{0E0ABE5F-9FFB-47F6-ABCD-EB548833D013}.Debug|x86.ActiveCfg = Debug|Win32
		{0E0ABE5F-9FFB-47F6-ABCD-EB548833D013}.Debug|x86.Build.0 = Debug|Win32
		{0E0ABE5F-9FFB-47F6-ABCD-EB548833D013}.Release|x64.ActiveCfg = Release|x64
		{0E0ABE5F-9FFB-47F6-ABCD-EB548833D013}.Release|x64.Build.0 = Release|x64
		{0E0ABE5F-9FFB-47F6-ABCD-EB548833D013}.Release|x86.ActiveCfg = Release|Win32
		{0E0ABE5F-9FFB-47F6-ABCD-EB548833D013}.Release|x86.Build.0 = Release|Win32
		{909DE63E-D7D5-4672-919D-13219FE24B35}.Debug|x64.ActiveCfg = Debug|x64
		{909DE63E-D7D5-4672-919D-13219FE24B35}.Debug|x64.Build.0 = Debug|x64
		{909DE63E-D7D5-4672-919D-13219FE24B35}.Debug|x86.ActiveCfg = Debug|Win32
		{909DE63E-D7D5-4672-919D-13219FE24B35}.Debug|x86.Build.0 = Debug|Win32
		{909DE63E-D7D5-4672-919D-13219FE24B35}.Release|x64.ActiveCfg = Release|x64
		{909DE63E-D7D5-4672-919D-13219FE24B35}.Release|x64.Build.0 = Release|x64
		{909DE63E-D7D5-4672-919D-13219FE24B35}.Release|x86.ActiveCfg = Release|Win32
		{909DE63E-D7D5-4672-919D-13219FE24B35}.Release|x86.Build.0 = Release|Win32
		{15988797-1AEB-44E7-9147-21C9A7685A98}.Debug|x64.ActiveCfg = Debug|x64
		{15988797-1AEB-44E7-9147-21C9A7685A98}.Debug|x64.Build.0 = Debug|x64
		{15988797-1AEB-44E7-9147-21C9A7685A98}.Debug|x86.ActiveCfg = Debug|Win32
		{15988797-1AEB-44E7-9147-21C9A7685A98}.Debug|x86.Build.0 = Debug|Win32
		{15988797-1AEB-44E7-9147-21C9A7685A98}.Release|x64.ActiveCfg = Release|x64
		{15988797-1AEB-44E7-9147-21C9A7685A98}.Release|x64.Build.0 = Release|x64
		{15988797-1AEB-44E7-9147-21C9A7685A98}.Release|x86.ActiveCfg = Release|Win32
		{15988797-1AEB-44E7-9147-21C9A7685A98}.Release|x86.Build.0 = Release|Win32
	EndGlobalSection
	GlobalSection(SolutionProperties) = preSolution
		HideSolutionNode = FALSE
	EndGlobalSection
	GlobalSection(NestedProjects) = preSolution
		{70338FF3-B5DC-4133-A951-F2E4E02190B8} = {1DC6E9CB-B86A-4E0D-81E6-1667EF883CFF}
		{6CDBA5CB-1E0E-4051-8D7E-255243F5AA9C} = {1DC6E9CB-B86A-4E0D-81E6-1667EF883CFF}
		{F43837EC-04D4-4A4A-B142-32CB89A10273} = {1DC6E9CB-B86A-4E0D-81E6-1667EF883CFF}
		{DE81B49C-15AF-4616-834D-39EEE156D77B} = {1DC6E9CB-B86A-4E0D-81E6-1667EF883CFF}
		{D51FD469-14D6-491C-9707-5BE9DC2EBFB9} = {1DC6E9CB-B86A-4E0D-81E6-1667EF883CFF}
		{69E57DF5-27E4-42CA-B482-EFC802947EA5} = {1DC6E9CB-B86A-4E0D-81E6-1667EF883CFF}
		{0AD96D10-CD39-4465-8018-59CF9589A5EC} = {1DC6E9CB-B86A-4E0D-81E6-1667EF883CFF}
		{C12F60C5-33B8-4CDA-9614-34B27955B6CC} = {1DC6E9CB-B86A-4E0D-81E6-1667EF883CFF}
		{5B6A7EC3-50D5-4D12-8268-928DEE978B07} = {1DC6E9CB-B86A-4E0D-81E6-1667EF883CFF}
		{2D8DF8A5-7C70-45DC-BE34-334C5C83A0A2} = {0B60C685-3F0B-4C85-B279-0E14FB449AD4}
		{7356F332-8088-4352-90BA-F84C6A77D867} = {0B60C685-3F0B-4C85-B279-0E14FB449AD4}
		{4FA4240D-D77F-48F4-A8E6-B30E62C423C2} = {0B60C685-3F0B-4C85-B279-0E14FB449AD4}
		{0E0ABE5F-9FFB-47F6-ABCD-EB548833D013} = {0B60C685-3F0B-4C85-B279-0E14FB449AD4}
		{15988797-1AEB-44E7-9147-21C9A7685A98} = {0B60C685-3F0B-4C85-B279-0E14FB449AD4}
	EndGlobalSection
	GlobalSection(ExtensibilityGlobals) = postSolution
		SolutionGuid = {FA85351D-4055-4D6D-9AE7-79670D09D220}
	EndGlobalSection
EndGlobal
